
Microsoft Visual Studio Solution File, Format Version 12.00
# Visual Studio Version 16
VisualStudioVersion = 16.0.29728.190
MinimumVisualStudioVersion = 10.0.40219.1
Project("{FAE04EC0-301F-11D3-BF4B-00C04F79EFBC}") = "FightSimulation", "FightSimulation\FightSimulation.csproj", "{F13029B6-2661-463D-B44D-8562EA3E5EFB}"
EndProject
Global
	GlobalSection(SolutionConfigurationPlatforms) = preSolution
		Debug|Any CPU = Debug|Any CPU
		Release|Any CPU = Release|Any CPU
	EndGlobalSection
	GlobalSection(ProjectConfigurationPlatforms) = postSolution
		{F13029B6-2661-463D-B44D-8562EA3E5EFB}.Debug|Any CPU.ActiveCfg = Debug|Any CPU
		{F13029B6-2661-463D-B44D-8562EA3E5EFB}.Debug|Any CPU.Build.0 = Debug|Any CPU
		{F13029B6-2661-463D-B44D-8562EA3E5EFB}.Release|Any CPU.ActiveCfg = Release|Any CPU
		{F13029B6-2661-463D-B44D-8562EA3E5EFB}.Release|Any CPU.Build.0 = Release|Any CPU
	EndGlobalSection
	GlobalSection(SolutionProperties) = preSolution
		HideSolutionNode = FALSE
	EndGlobalSection
	GlobalSection(ExtensibilityGlobals) = postSolution
		SolutionGuid = {C78E8CB3-FDC9-4126-8D89-EB587E8EDE7A}
	EndGlobalSection
EndGlobal
